// !$*UTF8*$!
{
	archiveVersion = 1;
	classes = {
	};
	objectVersion = 46;
	objects = {

/* Begin PBXBuildFile section */
		F605AE5E1C648F1D0048B787 /* main.m in Sources */ = {isa = PBXBuildFile; fileRef = F605AE5D1C648F1D0048B787 /* main.m */; };
/* End PBXBuildFile section */

/* Begin PBXCopyFilesBuildPhase section */
		F605AE581C648F1D0048B787 /* CopyFiles */ = {
			isa = PBXCopyFilesBuildPhase;
			buildActionMask = 2147483647;
			dstPath = /usr/share/man/man1/;
			dstSubfolderSpec = 0;
			files = (
			);
			runOnlyForDeploymentPostprocessing = 1;
		};
/* End PBXCopyFilesBuildPhase section */

/* Begin PBXFileReference section */
		F605AE5A1C648F1D0048B787 /* toggleBluetooth */ = {isa = PBXFileReference; explicitFileType = "compiled.mach-o.executable"; includeInIndex = 0; path = toggleBluetooth; sourceTree = BUILT_PRODUCTS_DIR; };
		F605AE5D1C648F1D0048B787 /* main.m */ = {isa = PBXFileReference; lastKnownFileType = sourcecode.c.objc; path = main.m; sourceTree = "<group>"; };
/* End PBXFileReference section */

/* Begin PBXFrameworksBuildPhase section */
		F605AE571C648F1D0048B787 /* Frameworks */ = {
			isa = PBXFrameworksBuildPhase;
			buildActionMask = 2147483647;
			files = (
			);
			runOnlyForDeploymentPostprocessing = 0;
		};
/* End PBXFrameworksBuildPhase section */

/* Begin PBXGroup section */
		F605AE511C648F1D0048B787 = {
			isa = PBXGroup;
			children = (
				F605AE5C1C648F1D0048B787 /* toggleBluetooth */,
				F605AE5B1C648F1D0048B787 /* Products */,
			);
			sourceTree = "<group>";
		};
		F605AE5B1C648F1D0048B787 /* Products */ = {
			isa = PBXGroup;
			children = (
				F605AE5A1C648F1D0048B787 /* toggleBluetooth */,
			);
			name = Products;
			sourceTree = "<group>";
		};
		F605AE5C1C648F1D0048B787 /* toggleBluetooth */ = {
			isa = PBXGroup;
			children = (
				F605AE5D1C648F1D0048B787 /* main.m */,
			);
			path = toggleBluetooth;
			sourceTree = "<group>";
		};
/* End PBXGroup section */

/* Begin PBXNativeTarget section */
		F605AE591C648F1D0048B787 /* toggleBluetooth */ = {
			isa = PBXNativeTarget;
			buildConfigurationList = F605AE611C648F1D0048B787 /* Build configuration list for PBXNativeTarget "toggleBluetooth" */;
			buildPhases = (
				F605AE561C648F1D0048B787 /* Sources */,
				F605AE571C648F1D0048B787 /* Frameworks */,
				F605AE581C648F1D0048B787 /* CopyFiles */,
			);
			buildRules = (
			);
			dependencies = (
			);
			name = toggleBluetooth;
			productName = toggleBluetooth;
			productReference = F605AE5A1C648F1D0048B787 /* toggleBluetooth */;
			productType = "com.apple.product-type.tool";
		};
/* End PBXNativeTarget section */

/* Begin PBXProject section */
		F605AE521C648F1D0048B787 /* Project object */ = {
			isa = PBXProject;
			attributes = {
				LastUpgradeCheck = 0620;
				ORGANIZATIONNAME = "Tobias Pape";
				TargetAttributes = {
					F605AE591C648F1D0048B787 = {
						CreatedOnToolsVersion = 6.2;
					};
				};
			};
			buildConfigurationList = F605AE551C648F1D0048B787 /* Build configuration list for PBXProject "toggleBluetooth" */;
			compatibilityVersion = "Xcode 3.2";
			developmentRegion = English;
			hasScannedForEncodings = 0;
			knownRegions = (
				en,
			);
			mainGroup = F605AE511C648F1D0048B787;
			productRefGroup = F605AE5B1C648F1D0048B787 /* Products */;
			projectDirPath = "";
			projectRoot = "";
			targets = (
				F605AE591C648F1D0048B787 /* toggleBluetooth */,
			);
		};
/* End PBXProject section */

/* Begin PBXSourcesBuildPhase section */
		F605AE561C648F1D0048B787 /* Sources */ = {
			isa = PBXSourcesBuildPhase;
			buildActionMask = 2147483647;
			files = (
				F605AE5E1C648F1D0048B787 /* main.m in Sources */,
			);
			runOnlyForDeploymentPostprocessing = 0;
		};
/* End PBXSourcesBuildPhase section */

/* Begin XCBuildConfiguration section */
		F605AE5F1C648F1D0048B787 /* Debug */ = {
			isa = XCBuildConfiguration;
			buildSettings = {
				ALWAYS_SEARCH_USER_PATHS = NO;
				CLANG_CXX_LANGUAGE_STANDARD = "gnu++0x";
				CLANG_CXX_LIBRARY = "libc++";
				CLANG_ENABLE_MODULES = YES;
				CLANG_ENABLE_OBJC_ARC = YES;
				CLANG_WARN_BOOL_CONVERSION = YES;
				CLANG_WARN_CONSTANT_CONVERSION = YES;
				CLANG_WARN_DIRECT_OBJC_ISA_USAGE = YES_ERROR;
				CLANG_WARN_EMPTY_BODY = YES;
				CLANG_WARN_ENUM_CONVERSION = YES;
				CLANG_WARN_INT_CONVERSION = YES;
				CLANG_WARN_OBJC_ROOT_CLASS = YES_ERROR;
				CLANG_WARN_UNREACHABLE_CODE = YES;
				CLANG_WARN__DUPLICATE_METHOD_MATCH = YES;
				COPY_PHASE_STRIP = NO;
				ENABLE_STRICT_OBJC_MSGSEND = YES;
				GCC_C_LANGUAGE_STANDARD = gnu99;
				GCC_DYNAMIC_NO_PIC = NO;
				GCC_OPTIMIZATION_LEVEL = 0;
				GCC_PREPROCESSOR_DEFINITIONS = (
					"DEBUG=1",
					"$(inherited)",
				);
				GCC_SYMBOLS_PRIVATE_EXTERN = NO;
				GCC_WARN_64_TO_32_BIT_CONVERSION = YES;
				GCC_WARN_ABOUT_RETURN_TYPE = YES_ERROR;
				GCC_WARN_UNDECLARED_SELECTOR = YES;
				GCC_WARN_UNINITIALIZED_AUTOS = YES_AGGRESSIVE;
				GCC_WARN_UNUSED_FUNCTION = YES;
				GCC_WARN_UNUSED_VARIABLE = YES;
				MACOSX_DEPLOYMENT_TARGET = 10.9;
				MTL_ENABLE_DEBUG_INFO = YES;
				ONLY_ACTIVE_ARCH = YES;
				SDKROOT = macosx;
			};
			name = Debug;
		};
		F605AE601C648F1D0048B787 /* Release */ = {
			isa = XCBuildConfiguration;
			buildSettings = {
				ALWAYS_SEARCH_USER_PATHS = NO;
				CLANG_CXX_LANGUAGE_STANDARD = "gnu++0x";
				CLANG_CXX_LIBRARY = "libc++";
				CLANG_ENABLE_MODULES = YES;
				CLANG_ENABLE_OBJC_ARC = YES;
				CLANG_WARN_BOOL_CONVERSION = YES;
				CLANG_WARN_CONSTANT_CONVERSION = YES;
				CLANG_WARN_DIRECT_OBJC_ISA_USAGE = YES_ERROR;
				CLANG_WARN_EMPTY_BODY = YES;
				CLANG_WARN_ENUM_CONVERSION = YES;
				CLANG_WARN_INT_CONVERSION = YES;
				CLANG_WARN_OBJC_ROOT_CLASS = YES_ERROR;
				CLANG_WARN_UNREACHABLE_CODE = YES;
				CLANG_WARN__DUPLICATE_METHOD_MATCH = YES;
				COPY_PHASE_STRIP = NO;
				DEBUG_INFORMATION_FORMAT = "dwarf-with-dsym";
				ENABLE_NS_ASSERTIONS = NO;
				ENABLE_STRICT_OBJC_MSGSEND = YES;
				GCC_C_LANGUAGE_STANDARD = gnu99;
				GCC_WARN_64_TO_32_BIT_CONVERSION = YES;
				GCC_WARN_ABOUT_RETURN_TYPE = YES_ERROR;
				GCC_WARN_UNDECLARED_SELECTOR = YES;
				GCC_WARN_UNINITIALIZED_AUTOS = YES_AGGRESSIVE;
				GCC_WARN_UNUSED_FUNCTION = YES;
				GCC_WARN_UNUSED_VARIABLE = YES;
				MACOSX_DEPLOYMENT_TARGET = 10.9;
				MTL_ENABLE_DEBUG_INFO = NO;
				SDKROOT = macosx;
			};
			name = Release;
		};
		F605AE621C648F1D0048B787 /* Debug */ = {
			isa = XCBuildConfiguration;
			buildSettings = {
				PRODUCT_NAME = "$(TARGET_NAME)";
			};
			name = Debug;
		};
		F605AE631C648F1D0048B787 /* Release */ = {
			isa = XCBuildConfiguration;
			buildSettings = {
				PRODUCT_NAME = "$(TARGET_NAME)";
			};
			name = Release;
		};
/* End XCBuildConfiguration section */

/* Begin XCConfigurationList section */
		F605AE551C648F1D0048B787 /* Build configuration list for PBXProject "toggleBluetooth" */ = {
			isa = XCConfigurationList;
			buildConfigurations = (
				F605AE5F1C648F1D0048B787 /* Debug */,
				F605AE601C648F1D0048B787 /* Release */,
			);
			defaultConfigurationIsVisible = 0;
			defaultConfigurationName = Release;
		};
		F605AE611C648F1D0048B787 /* Build configuration list for PBXNativeTarget "toggleBluetooth" */ = {
			isa = XCConfigurationList;
			buildConfigurations = (
				F605AE621C648F1D0048B787 /* Debug */,
				F605AE631C648F1D0048B787 /* Release */,
			);
			defaultConfigurationIsVisible = 0;
		};
/* End XCConfigurationList section */
	};
	rootObject = F605AE521C648F1D0048B787 /* Project object */;
}
